
Microsoft Visual Studio Solution File, Format Version 12.00
# Visual Studio Version 17
VisualStudioVersion = 17.7.34024.191
MinimumVisualStudioVersion = 10.0.40219.1
Project("{FAE04EC0-301F-11D3-BF4B-00C04F79EFBC}") = "API_POUPA_FACIL", "API_POUPA_FACIL.csproj", "{352E234D-B362-4481-8352-030CDA42DA1E}"
EndProject
Global
	GlobalSection(SolutionConfigurationPlatforms) = preSolution
		Debug|Any CPU = Debug|Any CPU
		Release|Any CPU = Release|Any CPU
	EndGlobalSection
	GlobalSection(ProjectConfigurationPlatforms) = postSolution
		{352E234D-B362-4481-8352-030CDA42DA1E}.Debug|Any CPU.ActiveCfg = Debug|Any CPU
		{352E234D-B362-4481-8352-030CDA42DA1E}.Debug|Any CPU.Build.0 = Debug|Any CPU
		{352E234D-B362-4481-8352-030CDA42DA1E}.Release|Any CPU.ActiveCfg = Release|Any CPU
		{352E234D-B362-4481-8352-030CDA42DA1E}.Release|Any CPU.Build.0 = Release|Any CPU
	EndGlobalSection
	GlobalSection(SolutionProperties) = preSolution
		HideSolutionNode = FALSE
	EndGlobalSection
	GlobalSection(ExtensibilityGlobals) = postSolution
		SolutionGuid = {B08BAD98-3820-4AD4-B868-8F6243E0D936}
	EndGlobalSection
EndGlobal
